
Microsoft Visual Studio Solution File, Format Version 12.00
# Visual Studio 14
VisualStudioVersion = 14.0.25420.1
MinimumVisualStudioVersion = 10.0.40219.1
Project("{FAE04EC0-301F-11D3-BF4B-00C04F79EFBC}") = "RTree", "RTree\RTree.csproj", "{CBB67244-97D4-4CA5-A586-5CB181324A6C}"
EndProject
Project("{FAE04EC0-301F-11D3-BF4B-00C04F79EFBC}") = "RTreeTests", "RTreeTests\RTreeTests.csproj", "{2FF7019F-3018-4CA4-80D1-81C1522CFCF4}"
EndProject
Global
	GlobalSection(SolutionConfigurationPlatforms) = preSolution
		Debug|Any CPU = Debug|Any CPU
		Release|Any CPU = Release|Any CPU
	EndGlobalSection
	GlobalSection(ProjectConfigurationPlatforms) = postSolution
		{CBB67244-97D4-4CA5-A586-5CB181324A6C}.Debug|Any CPU.ActiveCfg = Debug|Any CPU
		{CBB67244-97D4-4CA5-A586-5CB181324A6C}.Debug|Any CPU.Build.0 = Debug|Any CPU
		{CBB67244-97D4-4CA5-A586-5CB181324A6C}.Release|Any CPU.ActiveCfg = Release|Any CPU
		{CBB67244-97D4-4CA5-A586-5CB181324A6C}.Release|Any CPU.Build.0 = Release|Any CPU
		{2FF7019F-3018-4CA4-80D1-81C1522CFCF4}.Debug|Any CPU.ActiveCfg = Debug|Any CPU
		{2FF7019F-3018-4CA4-80D1-81C1522CFCF4}.Debug|Any CPU.Build.0 = Debug|Any CPU
		{2FF7019F-3018-4CA4-80D1-81C1522CFCF4}.Release|Any CPU.ActiveCfg = Release|Any CPU
		{2FF7019F-3018-4CA4-80D1-81C1522CFCF4}.Release|Any CPU.Build.0 = Release|Any CPU
	EndGlobalSection
	GlobalSection(SolutionProperties) = preSolution
		HideSolutionNode = FALSE
	EndGlobalSection
EndGlobal
